
Microsoft Visual Studio Solution File, Format Version 12.00
# Visual Studio Version 17
VisualStudioVersion = 17.7.34221.43
MinimumVisualStudioVersion = 10.0.40219.1
Project("{FAE04EC0-301F-11D3-BF4B-00C04F79EFBC}") = "CommentService", "CommentService\CommentService.csproj", "{B6C68B9E-A8AC-49BA-8D0C-64608847A85A}"
EndProject
Global
	GlobalSection(SolutionConfigurationPlatforms) = preSolution
		Debug|Any CPU = Debug|Any CPU
		Release|Any CPU = Release|Any CPU
	EndGlobalSection
	GlobalSection(ProjectConfigurationPlatforms) = postSolution
		{B6C68B9E-A8AC-49BA-8D0C-64608847A85A}.Debug|Any CPU.ActiveCfg = Debug|Any CPU
		{B6C68B9E-A8AC-49BA-8D0C-64608847A85A}.Debug|Any CPU.Build.0 = Debug|Any CPU
		{B6C68B9E-A8AC-49BA-8D0C-64608847A85A}.Release|Any CPU.ActiveCfg = Release|Any CPU
		{B6C68B9E-A8AC-49BA-8D0C-64608847A85A}.Release|Any CPU.Build.0 = Release|Any CPU
	EndGlobalSection
	GlobalSection(SolutionProperties) = preSolution
		HideSolutionNode = FALSE
	EndGlobalSection
	GlobalSection(ExtensibilityGlobals) = postSolution
		SolutionGuid = {A5CDC126-94DB-40BC-99A4-598E6B9FE3F1}
	EndGlobalSection
EndGlobal
